
Microsoft Visual Studio Solution File, Format Version 12.00
# Visual Studio Version 16
VisualStudioVersion = 16.0.30804.86
MinimumVisualStudioVersion = 10.0.40219.1
Project("{FAE04EC0-301F-11D3-BF4B-00C04F79EFBC}") = "Diary", "Diary.csproj", "{4989A796-C605-4FAF-8916-2006C1F19E09}"
EndProject
Global
	GlobalSection(SolutionConfigurationPlatforms) = preSolution
		Debug|Any CPU = Debug|Any CPU
		Release|Any CPU = Release|Any CPU
	EndGlobalSection
	GlobalSection(ProjectConfigurationPlatforms) = postSolution
		{4989A796-C605-4FAF-8916-2006C1F19E09}.Debug|Any CPU.ActiveCfg = Debug|Any CPU
		{4989A796-C605-4FAF-8916-2006C1F19E09}.Debug|Any CPU.Build.0 = Debug|Any CPU
		{4989A796-C605-4FAF-8916-2006C1F19E09}.Release|Any CPU.ActiveCfg = Release|Any CPU
		{4989A796-C605-4FAF-8916-2006C1F19E09}.Release|Any CPU.Build.0 = Release|Any CPU
	EndGlobalSection
	GlobalSection(SolutionProperties) = preSolution
		HideSolutionNode = FALSE
	EndGlobalSection
	GlobalSection(ExtensibilityGlobals) = postSolution
		SolutionGuid = {BF186D1F-CFFF-4C10-AC15-01D230D1847C}
	EndGlobalSection
EndGlobal
